
Microsoft Visual Studio Solution File, Format Version 12.00
# Visual Studio 15
VisualStudioVersion = 15.0.26730.16
MinimumVisualStudioVersion = 10.0.40219.1
Project("{FAE04EC0-301F-11D3-BF4B-00C04F79EFBC}") = "mvc 1st eg", "mvc 1st eg\mvc 1st eg.csproj", "{69B49BEF-3097-4A29-A443-EFD0094DDEB3}"
EndProject
Global
	GlobalSection(SolutionConfigurationPlatforms) = preSolution
		Debug|Any CPU = Debug|Any CPU
		Release|Any CPU = Release|Any CPU
	EndGlobalSection
	GlobalSection(ProjectConfigurationPlatforms) = postSolution
		{69B49BEF-3097-4A29-A443-EFD0094DDEB3}.Debug|Any CPU.ActiveCfg = Debug|Any CPU
		{69B49BEF-3097-4A29-A443-EFD0094DDEB3}.Debug|Any CPU.Build.0 = Debug|Any CPU
		{69B49BEF-3097-4A29-A443-EFD0094DDEB3}.Release|Any CPU.ActiveCfg = Release|Any CPU
		{69B49BEF-3097-4A29-A443-EFD0094DDEB3}.Release|Any CPU.Build.0 = Release|Any CPU
	EndGlobalSection
	GlobalSection(SolutionProperties) = preSolution
		HideSolutionNode = FALSE
	EndGlobalSection
	GlobalSection(ExtensibilityGlobals) = postSolution
		SolutionGuid = {89333C6E-F804-48F6-91EA-18E01230BFE9}
	EndGlobalSection
EndGlobal
